// !$*UTF8*$!
{
	archiveVersion = 1;
	classes = {
	};
	objectVersion = 56;
	objects = {

/* Begin PBXBuildFile section */
		8B4B814F29D68F38002C2233 /* SoundHelix-Song-12.mp3 in Resources */ = {isa = PBXBuildFile; fileRef = 8B4B814E29D68F38002C2233 /* SoundHelix-Song-12.mp3 */; };
		8B4B815129D68F3E002C2233 /* SoundHelix-Song-6.mp3 in Resources */ = {isa = PBXBuildFile; fileRef = 8B4B815029D68F3E002C2233 /* SoundHelix-Song-6.mp3 */; };
		8B988B7729DEA3A600574500 /* LocalizedString.swift in Sources */ = {isa = PBXBuildFile; fileRef = 8B988B7629DEA3A600574500 /* LocalizedString.swift */; };
		8BA0027A29DBEB4C000D8099 /* CircularProgressBar.swift in Sources */ = {isa = PBXBuildFile; fileRef = 8BA0027929DBEB4C000D8099 /* CircularProgressBar.swift */; };
		8BC2EB0129BC74C300DF44B9 /* AppDelegate.swift in Sources */ = {isa = PBXBuildFile; fileRef = 8BC2EB0029BC74C300DF44B9 /* AppDelegate.swift */; };
		8BC2EB0329BC74C300DF44B9 /* SceneDelegate.swift in Sources */ = {isa = PBXBuildFile; fileRef = 8BC2EB0229BC74C300DF44B9 /* SceneDelegate.swift */; };
		8BC2EB0A29BC74C500DF44B9 /* Assets.xcassets in Resources */ = {isa = PBXBuildFile; fileRef = 8BC2EB0929BC74C500DF44B9 /* Assets.xcassets */; };
		8BC2EB0D29BC74C500DF44B9 /* LaunchScreen.storyboard in Resources */ = {isa = PBXBuildFile; fileRef = 8BC2EB0B29BC74C500DF44B9 /* LaunchScreen.storyboard */; };
		8BC2EB1629BC765F00DF44B9 /* RootViewController.swift in Sources */ = {isa = PBXBuildFile; fileRef = 8BC2EB1529BC765F00DF44B9 /* RootViewController.swift */; };
		8BC2EB1829BC774600DF44B9 /* Coordinator.swift in Sources */ = {isa = PBXBuildFile; fileRef = 8BC2EB1729BC774600DF44B9 /* Coordinator.swift */; };
		8BCC3BFE29D4030100BB4C41 /* MainViewController.swift in Sources */ = {isa = PBXBuildFile; fileRef = 8BCC3BFC29D4030100BB4C41 /* MainViewController.swift */; };
		8BCC3BFF29D4030100BB4C41 /* MainViewController.xib in Resources */ = {isa = PBXBuildFile; fileRef = 8BCC3BFD29D4030100BB4C41 /* MainViewController.xib */; };
		8BCC3C0329D40FB000BB4C41 /* Localizable.strings in Resources */ = {isa = PBXBuildFile; fileRef = 8BCC3C0529D40FB000BB4C41 /* Localizable.strings */; };
		8BD4B0FC29DAB2F000ADF963 /* RxAVFoundation in Frameworks */ = {isa = PBXBuildFile; productRef = 8BD4B0FB29DAB2F000ADF963 /* RxAVFoundation */; };
/* End PBXBuildFile section */

/* Begin PBXFileReference section */
		8B4B814E29D68F38002C2233 /* SoundHelix-Song-12.mp3 */ = {isa = PBXFileReference; lastKnownFileType = audio.mp3; path = "SoundHelix-Song-12.mp3"; sourceTree = "<group>"; };
		8B4B815029D68F3E002C2233 /* SoundHelix-Song-6.mp3 */ = {isa = PBXFileReference; lastKnownFileType = audio.mp3; path = "SoundHelix-Song-6.mp3"; sourceTree = "<group>"; };
		8B988B7629DEA3A600574500 /* LocalizedString.swift */ = {isa = PBXFileReference; lastKnownFileType = sourcecode.swift; path = LocalizedString.swift; sourceTree = "<group>"; };
		8BA0027929DBEB4C000D8099 /* CircularProgressBar.swift */ = {isa = PBXFileReference; lastKnownFileType = sourcecode.swift; path = CircularProgressBar.swift; sourceTree = "<group>"; };
		8BC2EAFD29BC74C300DF44B9 /* Sloth.app */ = {isa = PBXFileReference; explicitFileType = wrapper.application; includeInIndex = 0; path = Sloth.app; sourceTree = BUILT_PRODUCTS_DIR; };
		8BC2EB0029BC74C300DF44B9 /* AppDelegate.swift */ = {isa = PBXFileReference; lastKnownFileType = sourcecode.swift; path = AppDelegate.swift; sourceTree = "<group>"; };
		8BC2EB0229BC74C300DF44B9 /* SceneDelegate.swift */ = {isa = PBXFileReference; lastKnownFileType = sourcecode.swift; path = SceneDelegate.swift; sourceTree = "<group>"; };
		8BC2EB0929BC74C500DF44B9 /* Assets.xcassets */ = {isa = PBXFileReference; lastKnownFileType = folder.assetcatalog; path = Assets.xcassets; sourceTree = "<group>"; };
		8BC2EB0C29BC74C500DF44B9 /* Base */ = {isa = PBXFileReference; lastKnownFileType = file.storyboard; name = Base; path = Base.lproj/LaunchScreen.storyboard; sourceTree = "<group>"; };
		8BC2EB0E29BC74C500DF44B9 /* Info.plist */ = {isa = PBXFileReference; lastKnownFileType = text.plist.xml; path = Info.plist; sourceTree = "<group>"; };
		8BC2EB1529BC765F00DF44B9 /* RootViewController.swift */ = {isa = PBXFileReference; lastKnownFileType = sourcecode.swift; path = RootViewController.swift; sourceTree = "<group>"; };
		8BC2EB1729BC774600DF44B9 /* Coordinator.swift */ = {isa = PBXFileReference; lastKnownFileType = sourcecode.swift; path = Coordinator.swift; sourceTree = "<group>"; };
		8BCC3BFC29D4030100BB4C41 /* MainViewController.swift */ = {isa = PBXFileReference; lastKnownFileType = sourcecode.swift; path = MainViewController.swift; sourceTree = "<group>"; };
		8BCC3BFD29D4030100BB4C41 /* MainViewController.xib */ = {isa = PBXFileReference; lastKnownFileType = file.xib; path = MainViewController.xib; sourceTree = "<group>"; };
		8BCC3C0429D40FB000BB4C41 /* en */ = {isa = PBXFileReference; lastKnownFileType = text.plist.strings; name = en; path = en.lproj/Localizable.strings; sourceTree = "<group>"; };
		8BCC3C0629D40FEE00BB4C41 /* ko */ = {isa = PBXFileReference; lastKnownFileType = text.plist.strings; name = ko; path = ko.lproj/Localizable.strings; sourceTree = "<group>"; };
/* End PBXFileReference section */

/* Begin PBXFrameworksBuildPhase section */
		8BC2EAFA29BC74C300DF44B9 /* Frameworks */ = {
			isa = PBXFrameworksBuildPhase;
			buildActionMask = 2147483647;
			files = (
				8BD4B0FC29DAB2F000ADF963 /* RxAVFoundation in Frameworks */,
			);
			runOnlyForDeploymentPostprocessing = 0;
		};
/* End PBXFrameworksBuildPhase section */

/* Begin PBXGroup section */
		8B4B814929D686B0002C2233 /* AVPlayer */ = {
			isa = PBXGroup;
			children = (
				8B4B814E29D68F38002C2233 /* SoundHelix-Song-12.mp3 */,
				8B4B815029D68F3E002C2233 /* SoundHelix-Song-6.mp3 */,
			);
			path = AVPlayer;
			sourceTree = "<group>";
		};
		8BC2EAF429BC74C300DF44B9 = {
			isa = PBXGroup;
			children = (
				8BC2EAFF29BC74C300DF44B9 /* Sloth */,
				8BC2EAFE29BC74C300DF44B9 /* Products */,
			);
			sourceTree = "<group>";
		};
		8BC2EAFE29BC74C300DF44B9 /* Products */ = {
			isa = PBXGroup;
			children = (
				8BC2EAFD29BC74C300DF44B9 /* Sloth.app */,
			);
			name = Products;
			sourceTree = "<group>";
		};
		8BC2EAFF29BC74C300DF44B9 /* Sloth */ = {
			isa = PBXGroup;
			children = (
				8B4B814929D686B0002C2233 /* AVPlayer */,
				8BCC3C0529D40FB000BB4C41 /* Localizable.strings */,
				8BC2EB1429BC761000DF44B9 /* ViewController */,
				8BC2EB0029BC74C300DF44B9 /* AppDelegate.swift */,
				8BC2EB0229BC74C300DF44B9 /* SceneDelegate.swift */,
				8BC2EB0929BC74C500DF44B9 /* Assets.xcassets */,
				8BC2EB0B29BC74C500DF44B9 /* LaunchScreen.storyboard */,
				8BC2EB0E29BC74C500DF44B9 /* Info.plist */,
				8BC2EB1729BC774600DF44B9 /* Coordinator.swift */,
				8BCC3BFC29D4030100BB4C41 /* MainViewController.swift */,
				8BCC3BFD29D4030100BB4C41 /* MainViewController.xib */,
				8BA0027929DBEB4C000D8099 /* CircularProgressBar.swift */,
				8B988B7629DEA3A600574500 /* LocalizedString.swift */,
			);
			path = Sloth;
			sourceTree = "<group>";
		};
		8BC2EB1429BC761000DF44B9 /* ViewController */ = {
			isa = PBXGroup;
			children = (
				8BC2EB1529BC765F00DF44B9 /* RootViewController.swift */,
			);
			path = ViewController;
			sourceTree = "<group>";
		};
/* End PBXGroup section */

/* Begin PBXNativeTarget section */
		8BC2EAFC29BC74C300DF44B9 /* Sloth */ = {
			isa = PBXNativeTarget;
			buildConfigurationList = 8BC2EB1129BC74C500DF44B9 /* Build configuration list for PBXNativeTarget "Sloth" */;
			buildPhases = (
				8BC2EAF929BC74C300DF44B9 /* Sources */,
				8BC2EAFA29BC74C300DF44B9 /* Frameworks */,
				8BC2EAFB29BC74C300DF44B9 /* Resources */,
			);
			buildRules = (
			);
			dependencies = (
			);
			name = Sloth;
			packageProductDependencies = (
				8BD4B0FB29DAB2F000ADF963 /* RxAVFoundation */,
			);
			productName = Sloth;
			productReference = 8BC2EAFD29BC74C300DF44B9 /* Sloth.app */;
			productType = "com.apple.product-type.application";
		};
/* End PBXNativeTarget section */

/* Begin PBXProject section */
		8BC2EAF529BC74C300DF44B9 /* Project object */ = {
			isa = PBXProject;
			attributes = {
				BuildIndependentTargetsInParallel = 1;
				LastSwiftUpdateCheck = 1410;
				LastUpgradeCheck = 1410;
				TargetAttributes = {
					8BC2EAFC29BC74C300DF44B9 = {
						CreatedOnToolsVersion = 14.1;
					};
				};
			};
			buildConfigurationList = 8BC2EAF829BC74C300DF44B9 /* Build configuration list for PBXProject "Sloth" */;
			compatibilityVersion = "Xcode 14.0";
			developmentRegion = en;
			hasScannedForEncodings = 0;
			knownRegions = (
				en,
				Base,
				ko,
			);
			mainGroup = 8BC2EAF429BC74C300DF44B9;
			packageReferences = (
				8BD4B0FA29DAB2F000ADF963 /* XCRemoteSwiftPackageReference "RxAVFoundation" */,
			);
			productRefGroup = 8BC2EAFE29BC74C300DF44B9 /* Products */;
			projectDirPath = "";
			projectRoot = "";
			targets = (
				8BC2EAFC29BC74C300DF44B9 /* Sloth */,
			);
		};
/* End PBXProject section */

/* Begin PBXResourcesBuildPhase section */
		8BC2EAFB29BC74C300DF44B9 /* Resources */ = {
			isa = PBXResourcesBuildPhase;
			buildActionMask = 2147483647;
			files = (
				8BC2EB0D29BC74C500DF44B9 /* LaunchScreen.storyboard in Resources */,
				8BCC3C0329D40FB000BB4C41 /* Localizable.strings in Resources */,
				8BCC3BFF29D4030100BB4C41 /* MainViewController.xib in Resources */,
				8B4B814F29D68F38002C2233 /* SoundHelix-Song-12.mp3 in Resources */,
				8BC2EB0A29BC74C500DF44B9 /* Assets.xcassets in Resources */,
				8B4B815129D68F3E002C2233 /* SoundHelix-Song-6.mp3 in Resources */,
			);
			runOnlyForDeploymentPostprocessing = 0;
		};
/* End PBXResourcesBuildPhase section */

/* Begin PBXSourcesBuildPhase section */
		8BC2EAF929BC74C300DF44B9 /* Sources */ = {
			isa = PBXSourcesBuildPhase;
			buildActionMask = 2147483647;
			files = (
				8BC2EB1829BC774600DF44B9 /* Coordinator.swift in Sources */,
				8BC2EB0129BC74C300DF44B9 /* AppDelegate.swift in Sources */,
				8BC2EB0329BC74C300DF44B9 /* SceneDelegate.swift in Sources */,
				8B988B7729DEA3A600574500 /* LocalizedString.swift in Sources */,
				8BC2EB1629BC765F00DF44B9 /* RootViewController.swift in Sources */,
				8BCC3BFE29D4030100BB4C41 /* MainViewController.swift in Sources */,
				8BA0027A29DBEB4C000D8099 /* CircularProgressBar.swift in Sources */,
			);
			runOnlyForDeploymentPostprocessing = 0;
		};
/* End PBXSourcesBuildPhase section */

/* Begin PBXVariantGroup section */
		8BC2EB0B29BC74C500DF44B9 /* LaunchScreen.storyboard */ = {
			isa = PBXVariantGroup;
			children = (
				8BC2EB0C29BC74C500DF44B9 /* Base */,
			);
			name = LaunchScreen.storyboard;
			sourceTree = "<group>";
		};
		8BCC3C0529D40FB000BB4C41 /* Localizable.strings */ = {
			isa = PBXVariantGroup;
			children = (
				8BCC3C0429D40FB000BB4C41 /* en */,
				8BCC3C0629D40FEE00BB4C41 /* ko */,
			);
			name = Localizable.strings;
			sourceTree = "<group>";
		};
/* End PBXVariantGroup section */

/* Begin XCBuildConfiguration section */
		8BC2EB0F29BC74C500DF44B9 /* Debug */ = {
			isa = XCBuildConfiguration;
			buildSettings = {
				ALWAYS_SEARCH_USER_PATHS = NO;
				CLANG_ANALYZER_LOCALIZABILITY_NONLOCALIZED = YES;
				CLANG_ANALYZER_NONNULL = YES;
				CLANG_ANALYZER_NUMBER_OBJECT_CONVERSION = YES_AGGRESSIVE;
				CLANG_CXX_LANGUAGE_STANDARD = "gnu++20";
				CLANG_ENABLE_MODULES = YES;
				CLANG_ENABLE_OBJC_ARC = YES;
				CLANG_ENABLE_OBJC_WEAK = YES;
				CLANG_WARN_BLOCK_CAPTURE_AUTORELEASING = YES;
				CLANG_WARN_BOOL_CONVERSION = YES;
				CLANG_WARN_COMMA = YES;
				CLANG_WARN_CONSTANT_CONVERSION = YES;
				CLANG_WARN_DEPRECATED_OBJC_IMPLEMENTATIONS = YES;
				CLANG_WARN_DIRECT_OBJC_ISA_USAGE = YES_ERROR;
				CLANG_WARN_DOCUMENTATION_COMMENTS = YES;
				CLANG_WARN_EMPTY_BODY = YES;
				CLANG_WARN_ENUM_CONVERSION = YES;
				CLANG_WARN_INFINITE_RECURSION = YES;
				CLANG_WARN_INT_CONVERSION = YES;
				CLANG_WARN_NON_LITERAL_NULL_CONVERSION = YES;
				CLANG_WARN_OBJC_IMPLICIT_RETAIN_SELF = YES;
				CLANG_WARN_OBJC_LITERAL_CONVERSION = YES;
				CLANG_WARN_OBJC_ROOT_CLASS = YES_ERROR;
				CLANG_WARN_QUOTED_INCLUDE_IN_FRAMEWORK_HEADER = YES;
				CLANG_WARN_RANGE_LOOP_ANALYSIS = YES;
				CLANG_WARN_STRICT_PROTOTYPES = YES;
				CLANG_WARN_SUSPICIOUS_MOVE = YES;
				CLANG_WARN_UNGUARDED_AVAILABILITY = YES_AGGRESSIVE;
				CLANG_WARN_UNREACHABLE_CODE = YES;
				CLANG_WARN__DUPLICATE_METHOD_MATCH = YES;
				COPY_PHASE_STRIP = NO;
				DEBUG_INFORMATION_FORMAT = dwarf;
				ENABLE_STRICT_OBJC_MSGSEND = YES;
				ENABLE_TESTABILITY = YES;
				GCC_C_LANGUAGE_STANDARD = gnu11;
				GCC_DYNAMIC_NO_PIC = NO;
				GCC_NO_COMMON_BLOCKS = YES;
				GCC_OPTIMIZATION_LEVEL = 0;
				GCC_PREPROCESSOR_DEFINITIONS = (
					"DEBUG=1",
					"$(inherited)",
				);
				GCC_WARN_64_TO_32_BIT_CONVERSION = YES;
				GCC_WARN_ABOUT_RETURN_TYPE = YES_ERROR;
				GCC_WARN_UNDECLARED_SELECTOR = YES;
				GCC_WARN_UNINITIALIZED_AUTOS = YES_AGGRESSIVE;
				GCC_WARN_UNUSED_FUNCTION = YES;
				GCC_WARN_UNUSED_VARIABLE = YES;
				IPHONEOS_DEPLOYMENT_TARGET = 16.1;
				MTL_ENABLE_DEBUG_INFO = INCLUDE_SOURCE;
				MTL_FAST_MATH = YES;
				ONLY_ACTIVE_ARCH = YES;
				SDKROOT = iphoneos;
				SWIFT_ACTIVE_COMPILATION_CONDITIONS = DEBUG;
				SWIFT_OPTIMIZATION_LEVEL = "-Onone";
			};
			name = Debug;
		};
		8BC2EB1029BC74C500DF44B9 /* Release */ = {
			isa = XCBuildConfiguration;
			buildSettings = {
				ALWAYS_SEARCH_USER_PATHS = NO;
				CLANG_ANALYZER_LOCALIZABILITY_NONLOCALIZED = YES;
				CLANG_ANALYZER_NONNULL = YES;
				CLANG_ANALYZER_NUMBER_OBJECT_CONVERSION = YES_AGGRESSIVE;
				CLANG_CXX_LANGUAGE_STANDARD = "gnu++20";
				CLANG_ENABLE_MODULES = YES;
				CLANG_ENABLE_OBJC_ARC = YES;
				CLANG_ENABLE_OBJC_WEAK = YES;
				CLANG_WARN_BLOCK_CAPTURE_AUTORELEASING = YES;
				CLANG_WARN_BOOL_CONVERSION = YES;
				CLANG_WARN_COMMA = YES;
				CLANG_WARN_CONSTANT_CONVERSION = YES;
				CLANG_WARN_DEPRECATED_OBJC_IMPLEMENTATIONS = YES;
				CLANG_WARN_DIRECT_OBJC_ISA_USAGE = YES_ERROR;
				CLANG_WARN_DOCUMENTATION_COMMENTS = YES;
				CLANG_WARN_EMPTY_BODY = YES;
				CLANG_WARN_ENUM_CONVERSION = YES;
				CLANG_WARN_INFINITE_RECURSION = YES;
				CLANG_WARN_INT_CONVERSION = YES;
				CLANG_WARN_NON_LITERAL_NULL_CONVERSION = YES;
				CLANG_WARN_OBJC_IMPLICIT_RETAIN_SELF = YES;
				CLANG_WARN_OBJC_LITERAL_CONVERSION = YES;
				CLANG_WARN_OBJC_ROOT_CLASS = YES_ERROR;
				CLANG_WARN_QUOTED_INCLUDE_IN_FRAMEWORK_HEADER = YES;
				CLANG_WARN_RANGE_LOOP_ANALYSIS = YES;
				CLANG_WARN_STRICT_PROTOTYPES = YES;
				CLANG_WARN_SUSPICIOUS_MOVE = YES;
				CLANG_WARN_UNGUARDED_AVAILABILITY = YES_AGGRESSIVE;
				CLANG_WARN_UNREACHABLE_CODE = YES;
				CLANG_WARN__DUPLICATE_METHOD_MATCH = YES;
				COPY_PHASE_STRIP = NO;
				DEBUG_INFORMATION_FORMAT = "dwarf-with-dsym";
				ENABLE_NS_ASSERTIONS = NO;
				ENABLE_STRICT_OBJC_MSGSEND = YES;
				GCC_C_LANGUAGE_STANDARD = gnu11;
				GCC_NO_COMMON_BLOCKS = YES;
				GCC_WARN_64_TO_32_BIT_CONVERSION = YES;
				GCC_WARN_ABOUT_RETURN_TYPE = YES_ERROR;
				GCC_WARN_UNDECLARED_SELECTOR = YES;
				GCC_WARN_UNINITIALIZED_AUTOS = YES_AGGRESSIVE;
				GCC_WARN_UNUSED_FUNCTION = YES;
				GCC_WARN_UNUSED_VARIABLE = YES;
				IPHONEOS_DEPLOYMENT_TARGET = 16.1;
				MTL_ENABLE_DEBUG_INFO = NO;
				MTL_FAST_MATH = YES;
				SDKROOT = iphoneos;
				SWIFT_COMPILATION_MODE = wholemodule;
				SWIFT_OPTIMIZATION_LEVEL = "-O";
				VALIDATE_PRODUCT = YES;
			};
			name = Release;
		};
		8BC2EB1229BC74C500DF44B9 /* Debug */ = {
			isa = XCBuildConfiguration;
			buildSettings = {
				ASSETCATALOG_COMPILER_APPICON_NAME = AppIcon;
				ASSETCATALOG_COMPILER_GLOBAL_ACCENT_COLOR_NAME = AccentColor;
				CODE_SIGN_STYLE = Automatic;
				CURRENT_PROJECT_VERSION = 1;
				DEVELOPMENT_TEAM = AZ8H2T83J2;
				GENERATE_INFOPLIST_FILE = YES;
				INFOPLIST_FILE = Sloth/Info.plist;
				INFOPLIST_KEY_CFBundleDisplayName = Sloth;
				INFOPLIST_KEY_LSApplicationCategoryType = "public.app-category.lifestyle";
				INFOPLIST_KEY_UIApplicationSupportsIndirectInputEvents = YES;
				INFOPLIST_KEY_UILaunchStoryboardName = LaunchScreen;
				INFOPLIST_KEY_UISupportedInterfaceOrientations_iPad = "UIInterfaceOrientationPortrait UIInterfaceOrientationPortraitUpsideDown UIInterfaceOrientationLandscapeLeft UIInterfaceOrientationLandscapeRight";
				INFOPLIST_KEY_UISupportedInterfaceOrientations_iPhone = "UIInterfaceOrientationPortrait UIInterfaceOrientationLandscapeLeft UIInterfaceOrientationLandscapeRight";
				IPHONEOS_DEPLOYMENT_TARGET = 13.0;
				LD_RUNPATH_SEARCH_PATHS = (
					"$(inherited)",
					"@executable_path/Frameworks",
				);
				MARKETING_VERSION = 1.0;
				PRODUCT_BUNDLE_IDENTIFIER = com.memo.Sloth;
				PRODUCT_NAME = "$(TARGET_NAME)";
				SWIFT_EMIT_LOC_STRINGS = YES;
				SWIFT_VERSION = 5.0;
				TARGETED_DEVICE_FAMILY = "1,2";
			};
			name = Debug;
		};
		8BC2EB1329BC74C500DF44B9 /* Release */ = {
			isa = XCBuildConfiguration;
			buildSettings = {
				ASSETCATALOG_COMPILER_APPICON_NAME = AppIcon;
				ASSETCATALOG_COMPILER_GLOBAL_ACCENT_COLOR_NAME = AccentColor;
				CODE_SIGN_STYLE = Automatic;
				CURRENT_PROJECT_VERSION = 1;
				DEVELOPMENT_TEAM = AZ8H2T83J2;
				GENERATE_INFOPLIST_FILE = YES;
				INFOPLIST_FILE = Sloth/Info.plist;
				INFOPLIST_KEY_CFBundleDisplayName = Sloth;
				INFOPLIST_KEY_LSApplicationCategoryType = "public.app-category.lifestyle";
				INFOPLIST_KEY_UIApplicationSupportsIndirectInputEvents = YES;
				INFOPLIST_KEY_UILaunchStoryboardName = LaunchScreen;
				INFOPLIST_KEY_UISupportedInterfaceOrientations_iPad = "UIInterfaceOrientationPortrait UIInterfaceOrientationPortraitUpsideDown UIInterfaceOrientationLandscapeLeft UIInterfaceOrientationLandscapeRight";
				INFOPLIST_KEY_UISupportedInterfaceOrientations_iPhone = "UIInterfaceOrientationPortrait UIInterfaceOrientationLandscapeLeft UIInterfaceOrientationLandscapeRight";
				IPHONEOS_DEPLOYMENT_TARGET = 13.0;
				LD_RUNPATH_SEARCH_PATHS = (
					"$(inherited)",
					"@executable_path/Frameworks",
				);
				MARKETING_VERSION = 1.0;
				PRODUCT_BUNDLE_IDENTIFIER = com.memo.Sloth;
				PRODUCT_NAME = "$(TARGET_NAME)";
				SWIFT_EMIT_LOC_STRINGS = YES;
				SWIFT_VERSION = 5.0;
				TARGETED_DEVICE_FAMILY = "1,2";
			};
			name = Release;
		};
/* End XCBuildConfiguration section */

/* Begin XCConfigurationList section */
		8BC2EAF829BC74C300DF44B9 /* Build configuration list for PBXProject "Sloth" */ = {
			isa = XCConfigurationList;
			buildConfigurations = (
				8BC2EB0F29BC74C500DF44B9 /* Debug */,
				8BC2EB1029BC74C500DF44B9 /* Release */,
			);
			defaultConfigurationIsVisible = 0;
			defaultConfigurationName = Release;
		};
		8BC2EB1129BC74C500DF44B9 /* Build configuration list for PBXNativeTarget "Sloth" */ = {
			isa = XCConfigurationList;
			buildConfigurations = (
				8BC2EB1229BC74C500DF44B9 /* Debug */,
				8BC2EB1329BC74C500DF44B9 /* Release */,
			);
			defaultConfigurationIsVisible = 0;
			defaultConfigurationName = Release;
		};
/* End XCConfigurationList section */

/* Begin XCRemoteSwiftPackageReference section */
		8BD4B0FA29DAB2F000ADF963 /* XCRemoteSwiftPackageReference "RxAVFoundation" */ = {
			isa = XCRemoteSwiftPackageReference;
			repositoryURL = "https://github.com/RxSwiftCommunity/RxAVFoundation.git";
			requirement = {
				kind = exactVersion;
				version = 0.1.3;
			};
		};
/* End XCRemoteSwiftPackageReference section */

/* Begin XCSwiftPackageProductDependency section */
		8BD4B0FB29DAB2F000ADF963 /* RxAVFoundation */ = {
			isa = XCSwiftPackageProductDependency;
			package = 8BD4B0FA29DAB2F000ADF963 /* XCRemoteSwiftPackageReference "RxAVFoundation" */;
			productName = RxAVFoundation;
		};
/* End XCSwiftPackageProductDependency section */
	};
	rootObject = 8BC2EAF529BC74C300DF44B9 /* Project object */;
}
